// !$*UTF8*$!
{
	archiveVersion = 1;
	classes = {
	};
	objectVersion = 56;
	objects = {

/* Begin PBXBuildFile section */
		5C1C3E6F2FE332FA00063111 /* Secrets.plist in Resources */ = {isa = PBXBuildFile; fileRef = 5C1C3E6E2FE332FA00063111 /* Secrets.plist */; };
		5C4E5E5D301190900095A4BA /* CloudKitManager.swift in Sources */ = {isa = PBXBuildFile; fileRef = 5C4E5E5C301190880095A4BA /* CloudKitManager.swift */; };
		5C4E5E5F301190BE0095A4BA /* CloudSharingView.swift in Sources */ = {isa = PBXBuildFile; fileRef = 5C4E5E5E301190B80095A4BA /* CloudSharingView.swift */; };
		AA000001 /* GroceryListApp.swift in Sources */ = {isa = PBXBuildFile; fileRef = AA100001 /* GroceryListApp.swift */; };
		AA000002 /* GroceryModels.swift in Sources */ = {isa = PBXBuildFile; fileRef = AA100002 /* GroceryModels.swift */; };
		AA000003 /* GroceryListViewModel.swift in Sources */ = {isa = PBXBuildFile; fileRef = AA100003 /* GroceryListViewModel.swift */; };
		AA000004 /* Components.swift in Sources */ = {isa = PBXBuildFile; fileRef = AA100004 /* Components.swift */; };
		AA000005 /* SubItemRow.swift in Sources */ = {isa = PBXBuildFile; fileRef = AA100005 /* SubItemRow.swift */; };
		AA000006 /* GroceryItemRow.swift in Sources */ = {isa = PBXBuildFile; fileRef = AA100006 /* GroceryItemRow.swift */; };
		AA000007 /* ContentView.swift in Sources */ = {isa = PBXBuildFile; fileRef = AA100007 /* ContentView.swift */; };
		AA000008 /* Assets.xcassets in Resources */ = {isa = PBXBuildFile; fileRef = AA100008 /* Assets.xcassets */; };
/* End PBXBuildFile section */

/* Begin PBXFileReference section */
		5C1C3E6E2FE332FA00063111 /* Secrets.plist */ = {isa = PBXFileReference; lastKnownFileType = text.plist.xml; path = Secrets.plist; sourceTree = "<group>"; };
		5C4E5E5C301190880095A4BA /* CloudKitManager.swift */ = {isa = PBXFileReference; lastKnownFileType = sourcecode.swift; path = CloudKitManager.swift; sourceTree = "<group>"; };
		5C4E5E5E301190B80095A4BA /* CloudSharingView.swift */ = {isa = PBXFileReference; lastKnownFileType = sourcecode.swift; path = CloudSharingView.swift; sourceTree = "<group>"; };
		5C86027F2FE1D23A00EF4AF4 /* GroceryList.entitlements */ = {isa = PBXFileReference; lastKnownFileType = text.plist.entitlements; path = GroceryList.entitlements; sourceTree = "<group>"; };
		AA100001 /* GroceryListApp.swift */ = {isa = PBXFileReference; lastKnownFileType = sourcecode.swift; path = GroceryListApp.swift; sourceTree = "<group>"; };
		AA100002 /* GroceryModels.swift */ = {isa = PBXFileReference; lastKnownFileType = sourcecode.swift; path = GroceryModels.swift; sourceTree = "<group>"; };
		AA100003 /* GroceryListViewModel.swift */ = {isa = PBXFileReference; lastKnownFileType = sourcecode.swift; path = GroceryListViewModel.swift; sourceTree = "<group>"; };
		AA100004 /* Components.swift */ = {isa = PBXFileReference; lastKnownFileType = sourcecode.swift; path = Components.swift; sourceTree = "<group>"; };
		AA100005 /* SubItemRow.swift */ = {isa = PBXFileReference; lastKnownFileType = sourcecode.swift; path = SubItemRow.swift; sourceTree = "<group>"; };
		AA100006 /* GroceryItemRow.swift */ = {isa = PBXFileReference; lastKnownFileType = sourcecode.swift; path = GroceryItemRow.swift; sourceTree = "<group>"; };
		AA100007 /* ContentView.swift */ = {isa = PBXFileReference; lastKnownFileType = sourcecode.swift; path = ContentView.swift; sourceTree = "<group>"; };
		AA100008 /* Assets.xcassets */ = {isa = PBXFileReference; lastKnownFileType = folder.assetcatalog; path = Assets.xcassets; sourceTree = "<group>"; };
		AA100009 /* Info.plist */ = {isa = PBXFileReference; lastKnownFileType = text.plist.xml; path = Info.plist; sourceTree = "<group>"; };
		AA200001 /* GroceryList.app */ = {isa = PBXFileReference; explicitFileType = wrapper.application; includeInIndex = 0; path = GroceryList.app; sourceTree = BUILT_PRODUCTS_DIR; };
/* End PBXFileReference section */

/* Begin PBXFrameworksBuildPhase section */
		AA300001 /* Frameworks */ = {
			isa = PBXFrameworksBuildPhase;
			buildActionMask = 2147483647;
			files = (
			);
			runOnlyForDeploymentPostprocessing = 0;
		};
/* End PBXFrameworksBuildPhase section */

/* Begin PBXGroup section */
		AA400001 = {
			isa = PBXGroup;
			children = (
				AA400002 /* GroceryList */,
				AA400009 /* Products */,
			);
			sourceTree = "<group>";
		};
		AA400002 /* GroceryList */ = {
			isa = PBXGroup;
			children = (
				5C4E5E5E301190B80095A4BA /* CloudSharingView.swift */,
				5C4E5E5C301190880095A4BA /* CloudKitManager.swift */,
				5C86027F2FE1D23A00EF4AF4 /* GroceryList.entitlements */,
				AA100001 /* GroceryListApp.swift */,
				AA100009 /* Info.plist */,
				AA100008 /* Assets.xcassets */,
				AA400003 /* Models */,
				AA400004 /* ViewModels */,
				AA400005 /* Views */,
				5C1C3E6E2FE332FA00063111 /* Secrets.plist */,
			);
			path = GroceryList;
			sourceTree = "<group>";
		};
		AA400003 /* Models */ = {
			isa = PBXGroup;
			children = (
				AA100002 /* GroceryModels.swift */,
			);
			path = Models;
			sourceTree = "<group>";
		};
		AA400004 /* ViewModels */ = {
			isa = PBXGroup;
			children = (
				AA100003 /* GroceryListViewModel.swift */,
			);
			path = ViewModels;
			sourceTree = "<group>";
		};
		AA400005 /* Views */ = {
			isa = PBXGroup;
			children = (
				AA100007 /* ContentView.swift */,
				AA100006 /* GroceryItemRow.swift */,
				AA100005 /* SubItemRow.swift */,
				AA100004 /* Components.swift */,
			);
			path = Views;
			sourceTree = "<group>";
		};
		AA400009 /* Products */ = {
			isa = PBXGroup;
			children = (
				AA200001 /* GroceryList.app */,
			);
			name = Products;
			sourceTree = "<group>";
		};
/* End PBXGroup section */

/* Begin PBXNativeTarget section */
		AA500001 /* GroceryList */ = {
			isa = PBXNativeTarget;
			buildConfigurationList = AA600001 /* Build configuration list for PBXNativeTarget "GroceryList" */;
			buildPhases = (
				AA700001 /* Sources */,
				AA300001 /* Frameworks */,
				AA700002 /* Resources */,
			);
			buildRules = (
			);
			dependencies = (
			);
			name = GroceryList;
			productName = GroceryList;
			productReference = AA200001 /* GroceryList.app */;
			productType = "com.apple.product-type.application";
		};
/* End PBXNativeTarget section */

/* Begin PBXProject section */
		AA800001 /* Project object */ = {
			isa = PBXProject;
			attributes = {
				BuildIndependentTargetsInParallel = 1;
				LastSwiftUpdateCheck = 1500;
				LastUpgradeCheck = 1500;
				TargetAttributes = {
					AA500001 = {
						CreatedOnToolsVersion = 15.0;
					};
				};
			};
			buildConfigurationList = AA600002 /* Build configuration list for PBXProject "GroceryList" */;
			compatibilityVersion = "Xcode 14.0";
			developmentRegion = en;
			hasScannedForEncodings = 0;
			knownRegions = (
				en,
				Base,
			);
			mainGroup = AA400001;
			productRefGroup = AA400009 /* Products */;
			projectDirPath = "";
			projectRoot = "";
			targets = (
				AA500001 /* GroceryList */,
			);
		};
/* End PBXProject section */

/* Begin PBXResourcesBuildPhase section */
		AA700002 /* Resources */ = {
			isa = PBXResourcesBuildPhase;
			buildActionMask = 2147483647;
			files = (
				5C1C3E6F2FE332FA00063111 /* Secrets.plist in Resources */,
				AA000008 /* Assets.xcassets in Resources */,
			);
			runOnlyForDeploymentPostprocessing = 0;
		};
/* End PBXResourcesBuildPhase section */

/* Begin PBXSourcesBuildPhase section */
		AA700001 /* Sources */ = {
			isa = PBXSourcesBuildPhase;
			buildActionMask = 2147483647;
			files = (
				AA000001 /* GroceryListApp.swift in Sources */,
				AA000002 /* GroceryModels.swift in Sources */,
				5C4E5E5D301190900095A4BA /* CloudKitManager.swift in Sources */,
				5C4E5E5F301190BE0095A4BA /* CloudSharingView.swift in Sources */,
				AA000003 /* GroceryListViewModel.swift in Sources */,
				AA000004 /* Components.swift in Sources */,
				AA000005 /* SubItemRow.swift in Sources */,
				AA000006 /* GroceryItemRow.swift in Sources */,
				AA000007 /* ContentView.swift in Sources */,
			);
			runOnlyForDeploymentPostprocessing = 0;
		};
/* End PBXSourcesBuildPhase section */

/* Begin XCBuildConfiguration section */
		AA900001 /* Debug */ = {
			isa = XCBuildConfiguration;
			buildSettings = {
				ALWAYS_SEARCH_USER_PATHS = NO;
				ASSETCATALOG_COMPILER_GENERATE_SWIFT_ASSET_SYMBOL_EXTENSIONS = YES;
				CLANG_ANALYZER_NONNULL = YES;
				CLANG_ANALYZER_NUMBER_OBJECT_CONVERSION = YES_AGGRESSIVE;
				CLANG_CXX_LANGUAGE_STANDARD = "gnu++20";
				CLANG_ENABLE_MODULES = YES;
				CLANG_ENABLE_OBJC_ARC = YES;
				CLANG_ENABLE_OBJC_WEAK = YES;
				CLANG_WARN_BLOCK_CAPTURE_AUTORELEASING = YES;
				CLANG_WARN_BOOL_CONVERSION = YES;
				CLANG_WARN_COMMA = YES;
				CLANG_WARN_CONSTANT_CONVERSION = YES;
				CLANG_WARN_DEPRECATED_OBJC_IMPLEMENTATIONS = YES;
				CLANG_WARN_DIRECT_OBJC_ISA_USAGE = YES_ERROR;
				CLANG_WARN_DOCUMENTATION_COMMENTS = YES;
				CLANG_WARN_EMPTY_BODY = YES;
				CLANG_WARN_ENUM_CONVERSION = YES;
				CLANG_WARN_INFINITE_RECURSION = YES;
				CLANG_WARN_INT_CONVERSION = YES;
				CLANG_WARN_NON_LITERAL_NULL_CONVERSION = YES;
				CLANG_WARN_OBJC_IMPLICIT_RETAIN_SELF = YES;
				CLANG_WARN_OBJC_LITERAL_CONVERSION = YES;
				CLANG_WARN_OBJC_ROOT_CLASS = YES_ERROR;
				CLANG_WARN_QUOTED_INCLUDE_IN_FRAMEWORK_HEADER = YES;
				CLANG_WARN_RANGE_LOOP_ANALYSIS = YES;
				CLANG_WARN_STRICT_PROTOTYPES = YES;
				CLANG_WARN_SUSPICIOUS_MOVE = YES;
				CLANG_WARN_UNGUARDED_AVAILABILITY = YES_AGGRESSIVE;
				CLANG_WARN_UNREACHABLE_CODE = YES;
				CLANG_WARN__DUPLICATE_METHOD_MATCH = YES;
				COPY_PHASE_STRIP = NO;
				DEBUG_INFORMATION_FORMAT = dwarf;
				ENABLE_STRICT_OBJC_MSGSEND = YES;
				ENABLE_TESTABILITY = YES;
				ENABLE_USER_SCRIPT_SANDBOXING = YES;
				GCC_C_LANGUAGE_STANDARD = gnu17;
				GCC_DYNAMIC_NO_PIC = NO;
				GCC_NO_COMMON_BLOCKS = YES;
				GCC_OPTIMIZATION_LEVEL = 0;
				GCC_PREPROCESSOR_DEFINITIONS = (
					"DEBUG=1",
					"$(inherited)",
				);
				GCC_WARN_64_TO_32_BIT_CONVERSION = YES;
				GCC_WARN_ABOUT_RETURN_TYPE = YES_ERROR;
				GCC_WARN_UNDECLARED_SELECTOR = YES;
				GCC_WARN_UNINITIALIZED_AUTOS = YES_AGGRESSIVE;
				GCC_WARN_UNUSED_FUNCTION = YES;
				GCC_WARN_UNUSED_VARIABLE = YES;
				IPHONEOS_DEPLOYMENT_TARGET = 17.0;
				MTL_ENABLE_DEBUG_INFO = INCLUDE_SOURCE;
				MTL_FAST_MATH = YES;
				ONLY_ACTIVE_ARCH = YES;
				SDKROOT = iphoneos;
				SWIFT_ACTIVE_COMPILATION_CONDITIONS = "DEBUG $(inherited)";
				SWIFT_OPTIMIZATION_LEVEL = "-Onone";
			};
			name = Debug;
		};
		AA900002 /* Release */ = {
			isa = XCBuildConfiguration;
			buildSettings = {
				ALWAYS_SEARCH_USER_PATHS = NO;
				ASSETCATALOG_COMPILER_GENERATE_SWIFT_ASSET_SYMBOL_EXTENSIONS = YES;
				CLANG_ANALYZER_NONNULL = YES;
				CLANG_ANALYZER_NUMBER_OBJECT_CONVERSION = YES_AGGRESSIVE;
				CLANG_CXX_LANGUAGE_STANDARD = "gnu++20";
				CLANG_ENABLE_MODULES = YES;
				CLANG_ENABLE_OBJC_ARC = YES;
				CLANG_ENABLE_OBJC_WEAK = YES;
				CLANG_WARN_BLOCK_CAPTURE_AUTORELEASING = YES;
				CLANG_WARN_BOOL_CONVERSION = YES;
				CLANG_WARN_COMMA = YES;
				CLANG_WARN_CONSTANT_CONVERSION = YES;
				CLANG_WARN_DEPRECATED_OBJC_IMPLEMENTATIONS = YES;
				CLANG_WARN_DIRECT_OBJC_ISA_USAGE = YES_ERROR;
				CLANG_WARN_DOCUMENTATION_COMMENTS = YES;
				CLANG_WARN_EMPTY_BODY = YES;
				CLANG_WARN_ENUM_CONVERSION = YES;
				CLANG_WARN_INFINITE_RECURSION = YES;
				CLANG_WARN_INT_CONVERSION = YES;
				CLANG_WARN_NON_LITERAL_NULL_CONVERSION = YES;
				CLANG_WARN_OBJC_IMPLICIT_RETAIN_SELF = YES;
				CLANG_WARN_OBJC_LITERAL_CONVERSION = YES;
				CLANG_WARN_OBJC_ROOT_CLASS = YES_ERROR;
				CLANG_WARN_QUOTED_INCLUDE_IN_FRAMEWORK_HEADER = YES;
				CLANG_WARN_RANGE_LOOP_ANALYSIS = YES;
				CLANG_WARN_STRICT_PROTOTYPES = YES;
				CLANG_WARN_SUSPICIOUS_MOVE = YES;
				CLANG_WARN_UNGUARDED_AVAILABILITY = YES_AGGRESSIVE;
				CLANG_WARN_UNREACHABLE_CODE = YES;
				CLANG_WARN__DUPLICATE_METHOD_MATCH = YES;
				COPY_PHASE_STRIP = NO;
				DEBUG_INFORMATION_FORMAT = "dwarf-with-dsym";
				ENABLE_NS_ASSERTIONS = NO;
				ENABLE_STRICT_OBJC_MSGSEND = YES;
				ENABLE_USER_SCRIPT_SANDBOXING = YES;
				GCC_C_LANGUAGE_STANDARD = gnu17;
				GCC_NO_COMMON_BLOCKS = YES;
				GCC_WARN_64_TO_32_BIT_CONVERSION = YES;
				GCC_WARN_ABOUT_RETURN_TYPE = YES_ERROR;
				GCC_WARN_UNDECLARED_SELECTOR = YES;
				GCC_WARN_UNINITIALIZED_AUTOS = YES_AGGRESSIVE;
				GCC_WARN_UNUSED_FUNCTION = YES;
				GCC_WARN_UNUSED_VARIABLE = YES;
				IPHONEOS_DEPLOYMENT_TARGET = 17.0;
				MTL_FAST_MATH = YES;
				SDKROOT = iphoneos;
				SWIFT_COMPILATION_MODE = wholemodule;
				VALIDATE_PRODUCT = YES;
			};
			name = Release;
		};
		AA900003 /* Debug */ = {
			isa = XCBuildConfiguration;
			buildSettings = {
				ASSETCATALOG_COMPILER_APPICON_NAME = AppIcon;
				ASSETCATALOG_COMPILER_GLOBAL_ACCENT_COLOR_NAME = AccentColor;
				CODE_SIGN_ENTITLEMENTS = GroceryList/GroceryList.entitlements;
				CODE_SIGN_STYLE = Automatic;
				CURRENT_PROJECT_VERSION = 3;
				DEVELOPMENT_ASSET_PATHS = "";
				DEVELOPMENT_TEAM = NMUNAF53M3;
				ENABLE_PREVIEWS = YES;
				GENERATE_INFOPLIST_FILE = NO;
				INFOPLIST_FILE = GroceryList/Info.plist;
				IPHONEOS_DEPLOYMENT_TARGET = 17.0;
				LD_RUNPATH_SEARCH_PATHS = (
					"$(inherited)",
					"@executable_path/Frameworks",
				);
				MARKETING_VERSION = 1.1;
				PRODUCT_BUNDLE_IDENTIFIER = com.toddfeliciano.ShopCart;
				PRODUCT_NAME = "$(TARGET_NAME)";
				SWIFT_EMIT_LOC_STRINGS = YES;
				SWIFT_VERSION = 5.0;
				TARGETED_DEVICE_FAMILY = "1,2";
			};
			name = Debug;
		};
		AA900004 /* Release */ = {
			isa = XCBuildConfiguration;
			buildSettings = {
				ASSETCATALOG_COMPILER_APPICON_NAME = AppIcon;
				ASSETCATALOG_COMPILER_GLOBAL_ACCENT_COLOR_NAME = AccentColor;
				CODE_SIGN_ENTITLEMENTS = GroceryList/GroceryList.entitlements;
				CODE_SIGN_STYLE = Automatic;
				CURRENT_PROJECT_VERSION = 3;
				DEVELOPMENT_ASSET_PATHS = "";
				DEVELOPMENT_TEAM = NMUNAF53M3;
				ENABLE_PREVIEWS = YES;
				GENERATE_INFOPLIST_FILE = NO;
				INFOPLIST_FILE = GroceryList/Info.plist;
				IPHONEOS_DEPLOYMENT_TARGET = 17.0;
				LD_RUNPATH_SEARCH_PATHS = (
					"$(inherited)",
					"@executable_path/Frameworks",
				);
				MARKETING_VERSION = 1.1;
				PRODUCT_BUNDLE_IDENTIFIER = com.toddfeliciano.ShopCart;
				PRODUCT_NAME = "$(TARGET_NAME)";
				SWIFT_EMIT_LOC_STRINGS = YES;
				SWIFT_VERSION = 5.0;
				TARGETED_DEVICE_FAMILY = "1,2";
			};
			name = Release;
		};
/* End XCBuildConfiguration section */

/* Begin XCConfigurationList section */
		AA600001 /* Build configuration list for PBXNativeTarget "GroceryList" */ = {
			isa = XCConfigurationList;
			buildConfigurations = (
				AA900003 /* Debug */,
				AA900004 /* Release */,
			);
			defaultConfigurationIsVisible = 0;
			defaultConfigurationName = Release;
		};
		AA600002 /* Build configuration list for PBXProject "GroceryList" */ = {
			isa = XCConfigurationList;
			buildConfigurations = (
				AA900001 /* Debug */,
				AA900002 /* Release */,
			);
			defaultConfigurationIsVisible = 0;
			defaultConfigurationName = Release;
		};
/* End XCConfigurationList section */
	};
	rootObject = AA800001 /* Project object */;
}
